// !$*UTF8*$!
{
	archiveVersion = 1;
	classes = {
	};
	objectVersion = 77;
	objects = {

/* Begin PBXBuildFile section */
		91970C9A2D9D8668004C8D0B /* README.md in Resources */ = {isa = PBXBuildFile; fileRef = 91970C992D9D865E004C8D0B /* README.md */; };
		91C35ACD2D7C18B20085516C /* SnapKit in Frameworks */ = {isa = PBXBuildFile; productRef = 91C35ACC2D7C18B20085516C /* SnapKit */; };
		91F64E562D78758800D3ACAF /* RxCocoa in Frameworks */ = {isa = PBXBuildFile; productRef = 91F64E552D78758800D3ACAF /* RxCocoa */; };
		91F64E582D78758800D3ACAF /* RxRelay in Frameworks */ = {isa = PBXBuildFile; productRef = 91F64E572D78758800D3ACAF /* RxRelay */; };
		91F64EA62D788BF300D3ACAF /* InriaSans-Bold.ttf in Resources */ = {isa = PBXBuildFile; fileRef = 91F64EA32D788BF300D3ACAF /* InriaSans-Bold.ttf */; };
		91F64EA82D788BF300D3ACAF /* InriaSans-Regular.ttf in Resources */ = {isa = PBXBuildFile; fileRef = 91F64EA52D788BF300D3ACAF /* InriaSans-Regular.ttf */; };
		91FE8CDE2D843088005B3557 /* UIViewSeparator in Frameworks */ = {isa = PBXBuildFile; productRef = 91FE8CDD2D843088005B3557 /* UIViewSeparator */; };
/* End PBXBuildFile section */

/* Begin PBXFileReference section */
		91970C992D9D865E004C8D0B /* README.md */ = {isa = PBXFileReference; lastKnownFileType = net.daringfireball.markdown; path = README.md; sourceTree = "<group>"; };
		91F64E3C2D78739F00D3ACAF /* notion-mind.app */ = {isa = PBXFileReference; explicitFileType = wrapper.application; includeInIndex = 0; path = "notion-mind.app"; sourceTree = BUILT_PRODUCTS_DIR; };
		91F64EA32D788BF300D3ACAF /* InriaSans-Bold.ttf */ = {isa = PBXFileReference; lastKnownFileType = file; path = "InriaSans-Bold.ttf"; sourceTree = "<group>"; };
		91F64EA52D788BF300D3ACAF /* InriaSans-Regular.ttf */ = {isa = PBXFileReference; lastKnownFileType = file; path = "InriaSans-Regular.ttf"; sourceTree = "<group>"; };
/* End PBXFileReference section */

/* Begin PBXFileSystemSynchronizedBuildFileExceptionSet section */
		91F64E4E2D7873A100D3ACAF /* Exceptions for "notion-mind" folder in "notion-mind" target */ = {
			isa = PBXFileSystemSynchronizedBuildFileExceptionSet;
			membershipExceptions = (
				ETC/Info.plist,
			);
			target = 91F64E3B2D78739F00D3ACAF /* notion-mind */;
		};
/* End PBXFileSystemSynchronizedBuildFileExceptionSet section */

/* Begin PBXFileSystemSynchronizedRootGroup section */
		91F64E3E2D78739F00D3ACAF /* notion-mind */ = {
			isa = PBXFileSystemSynchronizedRootGroup;
			exceptions = (
				91F64E4E2D7873A100D3ACAF /* Exceptions for "notion-mind" folder in "notion-mind" target */,
			);
			path = "notion-mind";
			sourceTree = "<group>";
		};
/* End PBXFileSystemSynchronizedRootGroup section */

/* Begin PBXFrameworksBuildPhase section */
		91F64E392D78739F00D3ACAF /* Frameworks */ = {
			isa = PBXFrameworksBuildPhase;
			buildActionMask = 2147483647;
			files = (
				91C35ACD2D7C18B20085516C /* SnapKit in Frameworks */,
				91FE8CDE2D843088005B3557 /* UIViewSeparator in Frameworks */,
				91F64E582D78758800D3ACAF /* RxRelay in Frameworks */,
				91F64E562D78758800D3ACAF /* RxCocoa in Frameworks */,
			);
			runOnlyForDeploymentPostprocessing = 0;
		};
/* End PBXFrameworksBuildPhase section */

/* Begin PBXGroup section */
		91F64E332D78739F00D3ACAF = {
			isa = PBXGroup;
			children = (
				91970C992D9D865E004C8D0B /* README.md */,
				91F64E3E2D78739F00D3ACAF /* notion-mind */,
				91F64E3D2D78739F00D3ACAF /* Products */,
				91F64EA92D788C0E00D3ACAF /* Font */,
			);
			sourceTree = "<group>";
		};
		91F64E3D2D78739F00D3ACAF /* Products */ = {
			isa = PBXGroup;
			children = (
				91F64E3C2D78739F00D3ACAF /* notion-mind.app */,
			);
			name = Products;
			sourceTree = "<group>";
		};
		91F64EA92D788C0E00D3ACAF /* Font */ = {
			isa = PBXGroup;
			children = (
				91F64EA32D788BF300D3ACAF /* InriaSans-Bold.ttf */,
				91F64EA52D788BF300D3ACAF /* InriaSans-Regular.ttf */,
			);
			path = Font;
			sourceTree = "<group>";
		};
/* End PBXGroup section */

/* Begin PBXNativeTarget section */
		91F64E3B2D78739F00D3ACAF /* notion-mind */ = {
			isa = PBXNativeTarget;
			buildConfigurationList = 91F64E4F2D7873A100D3ACAF /* Build configuration list for PBXNativeTarget "notion-mind" */;
			buildPhases = (
				91F64E382D78739F00D3ACAF /* Sources */,
				91F64E392D78739F00D3ACAF /* Frameworks */,
				91F64E3A2D78739F00D3ACAF /* Resources */,
			);
			buildRules = (
			);
			dependencies = (
			);
			fileSystemSynchronizedGroups = (
				91F64E3E2D78739F00D3ACAF /* notion-mind */,
			);
			name = "notion-mind";
			packageProductDependencies = (
				91F64E552D78758800D3ACAF /* RxCocoa */,
				91F64E572D78758800D3ACAF /* RxRelay */,
				91C35ACC2D7C18B20085516C /* SnapKit */,
				91FE8CDD2D843088005B3557 /* UIViewSeparator */,
			);
			productName = "notion-mind";
			productReference = 91F64E3C2D78739F00D3ACAF /* notion-mind.app */;
			productType = "com.apple.product-type.application";
		};
/* End PBXNativeTarget section */

/* Begin PBXProject section */
		91F64E342D78739F00D3ACAF /* Project object */ = {
			isa = PBXProject;
			attributes = {
				BuildIndependentTargetsInParallel = 1;
				LastSwiftUpdateCheck = 1620;
				LastUpgradeCheck = 1620;
				TargetAttributes = {
					91F64E3B2D78739F00D3ACAF = {
						CreatedOnToolsVersion = 16.2;
					};
				};
			};
			buildConfigurationList = 91F64E372D78739F00D3ACAF /* Build configuration list for PBXProject "notion-mind" */;
			developmentRegion = en;
			hasScannedForEncodings = 0;
			knownRegions = (
				en,
				Base,
			);
			mainGroup = 91F64E332D78739F00D3ACAF;
			minimizedProjectReferenceProxies = 1;
			packageReferences = (
				91F64E542D78758700D3ACAF /* XCRemoteSwiftPackageReference "RxSwift" */,
				91C35ACB2D7C18B20085516C /* XCRemoteSwiftPackageReference "SnapKit" */,
				91FE8CDC2D843088005B3557 /* XCRemoteSwiftPackageReference "UIViewSeparator" */,
			);
			preferredProjectObjectVersion = 77;
			productRefGroup = 91F64E3D2D78739F00D3ACAF /* Products */;
			projectDirPath = "";
			projectRoot = "";
			targets = (
				91F64E3B2D78739F00D3ACAF /* notion-mind */,
			);
		};
/* End PBXProject section */

/* Begin PBXResourcesBuildPhase section */
		91F64E3A2D78739F00D3ACAF /* Resources */ = {
			isa = PBXResourcesBuildPhase;
			buildActionMask = 2147483647;
			files = (
				91970C9A2D9D8668004C8D0B /* README.md in Resources */,
				91F64EA62D788BF300D3ACAF /* InriaSans-Bold.ttf in Resources */,
				91F64EA82D788BF300D3ACAF /* InriaSans-Regular.ttf in Resources */,
			);
			runOnlyForDeploymentPostprocessing = 0;
		};
/* End PBXResourcesBuildPhase section */

/* Begin PBXSourcesBuildPhase section */
		91F64E382D78739F00D3ACAF /* Sources */ = {
			isa = PBXSourcesBuildPhase;
			buildActionMask = 2147483647;
			files = (
			);
			runOnlyForDeploymentPostprocessing = 0;
		};
/* End PBXSourcesBuildPhase section */

/* Begin XCBuildConfiguration section */
		91F64E502D7873A100D3ACAF /* Debug */ = {
			isa = XCBuildConfiguration;
			buildSettings = {
				ASSETCATALOG_COMPILER_APPICON_NAME = AppIcon;
				ASSETCATALOG_COMPILER_GLOBAL_ACCENT_COLOR_NAME = AccentColor;
				CODE_SIGN_STYLE = Automatic;
				CURRENT_PROJECT_VERSION = 2;
				DEVELOPMENT_TEAM = M3KH86595Z;
				GENERATE_INFOPLIST_FILE = YES;
				INFOPLIST_FILE = "notion-mind/ETC/Info.plist";
				INFOPLIST_KEY_CFBundleDisplayName = "Notion Mind";
				INFOPLIST_KEY_LSApplicationCategoryType = "public.app-category.productivity";
				INFOPLIST_KEY_UIApplicationSupportsIndirectInputEvents = YES;
				INFOPLIST_KEY_UILaunchStoryboardName = LaunchScreen;
				INFOPLIST_KEY_UIMainStoryboardFile = Main;
				INFOPLIST_KEY_UISupportedInterfaceOrientations = UIInterfaceOrientationPortrait;
				IPHONEOS_DEPLOYMENT_TARGET = 17.0;
				LD_RUNPATH_SEARCH_PATHS = (
					"$(inherited)",
					"@executable_path/Frameworks",
				);
				MARKETING_VERSION = 1.0.1;
				PRODUCT_BUNDLE_IDENTIFIER = "com.sangjin.notion-mind";
				PRODUCT_NAME = "$(TARGET_NAME)";
				SUPPORTED_PLATFORMS = "iphoneos iphonesimulator";
				SUPPORTS_MACCATALYST = NO;
				SUPPORTS_MAC_DESIGNED_FOR_IPHONE_IPAD = NO;
				SUPPORTS_XR_DESIGNED_FOR_IPHONE_IPAD = NO;
				SWIFT_EMIT_LOC_STRINGS = YES;
				SWIFT_VERSION = 5.0;
				TARGETED_DEVICE_FAMILY = 1;
			};
			name = Debug;
		};
		91F64E512D7873A100D3ACAF /* Release */ = {
			isa = XCBuildConfiguration;
			buildSettings = {
				ASSETCATALOG_COMPILER_APPICON_NAME = AppIcon;
				ASSETCATALOG_COMPILER_GLOBAL_ACCENT_COLOR_NAME = AccentColor;
				CODE_SIGN_STYLE = Automatic;
				CURRENT_PROJECT_VERSION = 2;
				DEVELOPMENT_TEAM = M3KH86595Z;
				GENERATE_INFOPLIST_FILE = YES;
				INFOPLIST_FILE = "notion-mind/ETC/Info.plist";
				INFOPLIST_KEY_CFBundleDisplayName = "Notion Mind";
				INFOPLIST_KEY_LSApplicationCategoryType = "public.app-category.productivity";
				INFOPLIST_KEY_UIApplicationSupportsIndirectInputEvents = YES;
				INFOPLIST_KEY_UILaunchStoryboardName = LaunchScreen;
				INFOPLIST_KEY_UIMainStoryboardFile = Main;
				INFOPLIST_KEY_UISupportedInterfaceOrientations = UIInterfaceOrientationPortrait;
				IPHONEOS_DEPLOYMENT_TARGET = 17.0;
				LD_RUNPATH_SEARCH_PATHS = (
					"$(inherited)",
					"@executable_path/Frameworks",
				);
				MARKETING_VERSION = 1.0.1;
				PRODUCT_BUNDLE_IDENTIFIER = "com.sangjin.notion-mind";
				PRODUCT_NAME = "$(TARGET_NAME)";
				SUPPORTED_PLATFORMS = "iphoneos iphonesimulator";
				SUPPORTS_MACCATALYST = NO;
				SUPPORTS_MAC_DESIGNED_FOR_IPHONE_IPAD = NO;
				SUPPORTS_XR_DESIGNED_FOR_IPHONE_IPAD = NO;
				SWIFT_EMIT_LOC_STRINGS = YES;
				SWIFT_VERSION = 5.0;
				TARGETED_DEVICE_FAMILY = 1;
			};
			name = Release;
		};
		91F64E522D7873A100D3ACAF /* Debug */ = {
			isa = XCBuildConfiguration;
			buildSettings = {
				ALWAYS_SEARCH_USER_PATHS = NO;
				ASSETCATALOG_COMPILER_GENERATE_SWIFT_ASSET_SYMBOL_EXTENSIONS = YES;
				CLANG_ANALYZER_NONNULL = YES;
				CLANG_ANALYZER_NUMBER_OBJECT_CONVERSION = YES_AGGRESSIVE;
				CLANG_CXX_LANGUAGE_STANDARD = "gnu++20";
				CLANG_ENABLE_MODULES = YES;
				CLANG_ENABLE_OBJC_ARC = YES;
				CLANG_ENABLE_OBJC_WEAK = YES;
				CLANG_WARN_BLOCK_CAPTURE_AUTORELEASING = YES;
				CLANG_WARN_BOOL_CONVERSION = YES;
				CLANG_WARN_COMMA = YES;
				CLANG_WARN_CONSTANT_CONVERSION = YES;
				CLANG_WARN_DEPRECATED_OBJC_IMPLEMENTATIONS = YES;
				CLANG_WARN_DIRECT_OBJC_ISA_USAGE = YES_ERROR;
				CLANG_WARN_DOCUMENTATION_COMMENTS = YES;
				CLANG_WARN_EMPTY_BODY = YES;
				CLANG_WARN_ENUM_CONVERSION = YES;
				CLANG_WARN_INFINITE_RECURSION = YES;
				CLANG_WARN_INT_CONVERSION = YES;
				CLANG_WARN_NON_LITERAL_NULL_CONVERSION = YES;
				CLANG_WARN_OBJC_IMPLICIT_RETAIN_SELF = YES;
				CLANG_WARN_OBJC_LITERAL_CONVERSION = YES;
				CLANG_WARN_OBJC_ROOT_CLASS = YES_ERROR;
				CLANG_WARN_QUOTED_INCLUDE_IN_FRAMEWORK_HEADER = YES;
				CLANG_WARN_RANGE_LOOP_ANALYSIS = YES;
				CLANG_WARN_STRICT_PROTOTYPES = YES;
				CLANG_WARN_SUSPICIOUS_MOVE = YES;
				CLANG_WARN_UNGUARDED_AVAILABILITY = YES_AGGRESSIVE;
				CLANG_WARN_UNREACHABLE_CODE = YES;
				CLANG_WARN__DUPLICATE_METHOD_MATCH = YES;
				COPY_PHASE_STRIP = NO;
				DEBUG_INFORMATION_FORMAT = dwarf;
				ENABLE_STRICT_OBJC_MSGSEND = YES;
				ENABLE_TESTABILITY = YES;
				ENABLE_USER_SCRIPT_SANDBOXING = YES;
				GCC_C_LANGUAGE_STANDARD = gnu17;
				GCC_DYNAMIC_NO_PIC = NO;
				GCC_NO_COMMON_BLOCKS = YES;
				GCC_OPTIMIZATION_LEVEL = 0;
				GCC_PREPROCESSOR_DEFINITIONS = (
					"DEBUG=1",
					"$(inherited)",
				);
				GCC_WARN_64_TO_32_BIT_CONVERSION = YES;
				GCC_WARN_ABOUT_RETURN_TYPE = YES_ERROR;
				GCC_WARN_UNDECLARED_SELECTOR = YES;
				GCC_WARN_UNINITIALIZED_AUTOS = YES_AGGRESSIVE;
				GCC_WARN_UNUSED_FUNCTION = YES;
				GCC_WARN_UNUSED_VARIABLE = YES;
				IPHONEOS_DEPLOYMENT_TARGET = 18.2;
				LOCALIZATION_PREFERS_STRING_CATALOGS = YES;
				MTL_ENABLE_DEBUG_INFO = INCLUDE_SOURCE;
				MTL_FAST_MATH = YES;
				ONLY_ACTIVE_ARCH = YES;
				SDKROOT = iphoneos;
				SWIFT_ACTIVE_COMPILATION_CONDITIONS = "DEBUG $(inherited)";
				SWIFT_OPTIMIZATION_LEVEL = "-Onone";
			};
			name = Debug;
		};
		91F64E532D7873A100D3ACAF /* Release */ = {
			isa = XCBuildConfiguration;
			buildSettings = {
				ALWAYS_SEARCH_USER_PATHS = NO;
				ASSETCATALOG_COMPILER_GENERATE_SWIFT_ASSET_SYMBOL_EXTENSIONS = YES;
				CLANG_ANALYZER_NONNULL = YES;
				CLANG_ANALYZER_NUMBER_OBJECT_CONVERSION = YES_AGGRESSIVE;
				CLANG_CXX_LANGUAGE_STANDARD = "gnu++20";
				CLANG_ENABLE_MODULES = YES;
				CLANG_ENABLE_OBJC_ARC = YES;
				CLANG_ENABLE_OBJC_WEAK = YES;
				CLANG_WARN_BLOCK_CAPTURE_AUTORELEASING = YES;
				CLANG_WARN_BOOL_CONVERSION = YES;
				CLANG_WARN_COMMA = YES;
				CLANG_WARN_CONSTANT_CONVERSION = YES;
				CLANG_WARN_DEPRECATED_OBJC_IMPLEMENTATIONS = YES;
				CLANG_WARN_DIRECT_OBJC_ISA_USAGE = YES_ERROR;
				CLANG_WARN_DOCUMENTATION_COMMENTS = YES;
				CLANG_WARN_EMPTY_BODY = YES;
				CLANG_WARN_ENUM_CONVERSION = YES;
				CLANG_WARN_INFINITE_RECURSION = YES;
				CLANG_WARN_INT_CONVERSION = YES;
				CLANG_WARN_NON_LITERAL_NULL_CONVERSION = YES;
				CLANG_WARN_OBJC_IMPLICIT_RETAIN_SELF = YES;
				CLANG_WARN_OBJC_LITERAL_CONVERSION = YES;
				CLANG_WARN_OBJC_ROOT_CLASS = YES_ERROR;
				CLANG_WARN_QUOTED_INCLUDE_IN_FRAMEWORK_HEADER = YES;
				CLANG_WARN_RANGE_LOOP_ANALYSIS = YES;
				CLANG_WARN_STRICT_PROTOTYPES = YES;
				CLANG_WARN_SUSPICIOUS_MOVE = YES;
				CLANG_WARN_UNGUARDED_AVAILABILITY = YES_AGGRESSIVE;
				CLANG_WARN_UNREACHABLE_CODE = YES;
				CLANG_WARN__DUPLICATE_METHOD_MATCH = YES;
				COPY_PHASE_STRIP = NO;
				DEBUG_INFORMATION_FORMAT = "dwarf-with-dsym";
				ENABLE_NS_ASSERTIONS = NO;
				ENABLE_STRICT_OBJC_MSGSEND = YES;
				ENABLE_USER_SCRIPT_SANDBOXING = YES;
				GCC_C_LANGUAGE_STANDARD = gnu17;
				GCC_NO_COMMON_BLOCKS = YES;
				GCC_WARN_64_TO_32_BIT_CONVERSION = YES;
				GCC_WARN_ABOUT_RETURN_TYPE = YES_ERROR;
				GCC_WARN_UNDECLARED_SELECTOR = YES;
				GCC_WARN_UNINITIALIZED_AUTOS = YES_AGGRESSIVE;
				GCC_WARN_UNUSED_FUNCTION = YES;
				GCC_WARN_UNUSED_VARIABLE = YES;
				IPHONEOS_DEPLOYMENT_TARGET = 18.2;
				LOCALIZATION_PREFERS_STRING_CATALOGS = YES;
				MTL_ENABLE_DEBUG_INFO = NO;
				MTL_FAST_MATH = YES;
				SDKROOT = iphoneos;
				SWIFT_COMPILATION_MODE = wholemodule;
				VALIDATE_PRODUCT = YES;
			};
			name = Release;
		};
/* End XCBuildConfiguration section */

/* Begin XCConfigurationList section */
		91F64E372D78739F00D3ACAF /* Build configuration list for PBXProject "notion-mind" */ = {
			isa = XCConfigurationList;
			buildConfigurations = (
				91F64E522D7873A100D3ACAF /* Debug */,
				91F64E532D7873A100D3ACAF /* Release */,
			);
			defaultConfigurationIsVisible = 0;
			defaultConfigurationName = Release;
		};
		91F64E4F2D7873A100D3ACAF /* Build configuration list for PBXNativeTarget "notion-mind" */ = {
			isa = XCConfigurationList;
			buildConfigurations = (
				91F64E502D7873A100D3ACAF /* Debug */,
				91F64E512D7873A100D3ACAF /* Release */,
			);
			defaultConfigurationIsVisible = 0;
			defaultConfigurationName = Release;
		};
/* End XCConfigurationList section */

/* Begin XCRemoteSwiftPackageReference section */
		91C35ACB2D7C18B20085516C /* XCRemoteSwiftPackageReference "SnapKit" */ = {
			isa = XCRemoteSwiftPackageReference;
			repositoryURL = "https://github.com/SnapKit/SnapKit.git";
			requirement = {
				kind = upToNextMajorVersion;
				minimumVersion = 5.7.1;
			};
		};
		91F64E542D78758700D3ACAF /* XCRemoteSwiftPackageReference "RxSwift" */ = {
			isa = XCRemoteSwiftPackageReference;
			repositoryURL = "https://github.com/ReactiveX/RxSwift.git";
			requirement = {
				kind = upToNextMajorVersion;
				minimumVersion = 6.9.0;
			};
		};
		91FE8CDC2D843088005B3557 /* XCRemoteSwiftPackageReference "UIViewSeparator" */ = {
			isa = XCRemoteSwiftPackageReference;
			repositoryURL = "https://github.com/SsangG77/UIViewSeparator.git";
			requirement = {
				kind = upToNextMinorVersion;
				minimumVersion = 1.1.2;
			};
		};
/* End XCRemoteSwiftPackageReference section */

/* Begin XCSwiftPackageProductDependency section */
		91C35ACC2D7C18B20085516C /* SnapKit */ = {
			isa = XCSwiftPackageProductDependency;
			package = 91C35ACB2D7C18B20085516C /* XCRemoteSwiftPackageReference "SnapKit" */;
			productName = SnapKit;
		};
		91F64E552D78758800D3ACAF /* RxCocoa */ = {
			isa = XCSwiftPackageProductDependency;
			package = 91F64E542D78758700D3ACAF /* XCRemoteSwiftPackageReference "RxSwift" */;
			productName = RxCocoa;
		};
		91F64E572D78758800D3ACAF /* RxRelay */ = {
			isa = XCSwiftPackageProductDependency;
			package = 91F64E542D78758700D3ACAF /* XCRemoteSwiftPackageReference "RxSwift" */;
			productName = RxRelay;
		};
		91FE8CDD2D843088005B3557 /* UIViewSeparator */ = {
			isa = XCSwiftPackageProductDependency;
			package = 91FE8CDC2D843088005B3557 /* XCRemoteSwiftPackageReference "UIViewSeparator" */;
			productName = UIViewSeparator;
		};
/* End XCSwiftPackageProductDependency section */
	};
	rootObject = 91F64E342D78739F00D3ACAF /* Project object */;
}
